
Microsoft Visual Studio Solution File, Format Version 12.00
# Visual Studio Version 16
VisualStudioVersion = 16.0.29709.97
MinimumVisualStudioVersion = 10.0.40219.1
Project("{FAE04EC0-301F-11D3-BF4B-00C04F79EFBC}") = "SportMVC_IPFinal", "SportMVC_IPFinal\SportMVC_IPFinal.csproj", "{198792F6-8970-4545-9FDA-D8218B6B9BEC}"
EndProject
Global
	GlobalSection(SolutionConfigurationPlatforms) = preSolution
		Debug|Any CPU = Debug|Any CPU
		Release|Any CPU = Release|Any CPU
	EndGlobalSection
	GlobalSection(ProjectConfigurationPlatforms) = postSolution
		{198792F6-8970-4545-9FDA-D8218B6B9BEC}.Debug|Any CPU.ActiveCfg = Debug|Any CPU
		{198792F6-8970-4545-9FDA-D8218B6B9BEC}.Debug|Any CPU.Build.0 = Debug|Any CPU
		{198792F6-8970-4545-9FDA-D8218B6B9BEC}.Release|Any CPU.ActiveCfg = Release|Any CPU
		{198792F6-8970-4545-9FDA-D8218B6B9BEC}.Release|Any CPU.Build.0 = Release|Any CPU
	EndGlobalSection
	GlobalSection(SolutionProperties) = preSolution
		HideSolutionNode = FALSE
	EndGlobalSection
	GlobalSection(ExtensibilityGlobals) = postSolution
		SolutionGuid = {B61CF463-82AA-42AF-AB38-EB2D215D882E}
	EndGlobalSection
EndGlobal
